
Microsoft Visual Studio Solution File, Format Version 12.00
# Visual Studio 2013
VisualStudioVersion = 12.0.21005.1
MinimumVisualStudioVersion = 10.0.40219.1
Project("{FAE04EC0-301F-11D3-BF4B-00C04F79EFBC}") = "FoodOrderingSystem", "FoodOrderingSystem\FoodOrderingSystem.csproj", "{0FD2A72C-1960-4F25-8B59-AC6235ED1505}"
EndProject
Project("{FAE04EC0-301F-11D3-BF4B-00C04F79EFBC}") = "OrderAgent", "OrderAgent\OrderAgent.csproj", "{701BB885-441C-42A3-A63D-3E9D71990C03}"
EndProject
Project("{FAE04EC0-301F-11D3-BF4B-00C04F79EFBC}") = "OrderAgentTests", "OrderAgentTests\OrderAgentTests.csproj", "{2CC3294A-2B83-43E9-A381-87900DFE9565}"
EndProject
Global
	GlobalSection(SolutionConfigurationPlatforms) = preSolution
		Debug|Any CPU = Debug|Any CPU
		Release|Any CPU = Release|Any CPU
	EndGlobalSection
	GlobalSection(ProjectConfigurationPlatforms) = postSolution
		{0FD2A72C-1960-4F25-8B59-AC6235ED1505}.Debug|Any CPU.ActiveCfg = Debug|Any CPU
		{0FD2A72C-1960-4F25-8B59-AC6235ED1505}.Debug|Any CPU.Build.0 = Debug|Any CPU
		{0FD2A72C-1960-4F25-8B59-AC6235ED1505}.Release|Any CPU.ActiveCfg = Release|Any CPU
		{0FD2A72C-1960-4F25-8B59-AC6235ED1505}.Release|Any CPU.Build.0 = Release|Any CPU
		{701BB885-441C-42A3-A63D-3E9D71990C03}.Debug|Any CPU.ActiveCfg = Debug|Any CPU
		{701BB885-441C-42A3-A63D-3E9D71990C03}.Debug|Any CPU.Build.0 = Debug|Any CPU
		{701BB885-441C-42A3-A63D-3E9D71990C03}.Release|Any CPU.ActiveCfg = Release|Any CPU
		{701BB885-441C-42A3-A63D-3E9D71990C03}.Release|Any CPU.Build.0 = Release|Any CPU
		{2CC3294A-2B83-43E9-A381-87900DFE9565}.Debug|Any CPU.ActiveCfg = Debug|Any CPU
		{2CC3294A-2B83-43E9-A381-87900DFE9565}.Debug|Any CPU.Build.0 = Debug|Any CPU
		{2CC3294A-2B83-43E9-A381-87900DFE9565}.Release|Any CPU.ActiveCfg = Release|Any CPU
		{2CC3294A-2B83-43E9-A381-87900DFE9565}.Release|Any CPU.Build.0 = Release|Any CPU
	EndGlobalSection
	GlobalSection(SolutionProperties) = preSolution
		HideSolutionNode = FALSE
	EndGlobalSection
EndGlobal
